
Microsoft Visual Studio Solution File, Format Version 12.00
# Visual Studio Version 17
VisualStudioVersion = 17.9.34622.214
MinimumVisualStudioVersion = 10.0.40219.1
Project("{FAE04EC0-301F-11D3-BF4B-00C04F79EFBC}") = "E-Commerce.APIs", "E-Commerce.APIs\E-Commerce.APIs.csproj", "{BC6C41CC-2B59-46E6-8C54-185F8D414CFE}"
EndProject
Project("{FAE04EC0-301F-11D3-BF4B-00C04F79EFBC}") = "E-Commerce.Core", "E-Commerce.Core\E-Commerce.Core.csproj", "{BDB78A9A-5FB6-47AE-BA7B-AF778526F929}"
EndProject
Project("{FAE04EC0-301F-11D3-BF4B-00C04F79EFBC}") = "E-Commerce.Repository", "E-Commerce.Repository\E-Commerce.Repository.csproj", "{9895A84D-3F45-4764-84D5-0651FD608BF9}"
EndProject
Project("{FAE04EC0-301F-11D3-BF4B-00C04F79EFBC}") = "E-Commerce.Service", "E-Commerce.Service\E-Commerce.Service.csproj", "{D6FD8F77-7CE2-4BE0-8CA7-2E74BEF1A1B8}"
EndProject
Global
	GlobalSection(SolutionConfigurationPlatforms) = preSolution
		Debug|Any CPU = Debug|Any CPU
		Release|Any CPU = Release|Any CPU
	EndGlobalSection
	GlobalSection(ProjectConfigurationPlatforms) = postSolution
		{BC6C41CC-2B59-46E6-8C54-185F8D414CFE}.Debug|Any CPU.ActiveCfg = Debug|Any CPU
		{BC6C41CC-2B59-46E6-8C54-185F8D414CFE}.Debug|Any CPU.Build.0 = Debug|Any CPU
		{BC6C41CC-2B59-46E6-8C54-185F8D414CFE}.Release|Any CPU.ActiveCfg = Release|Any CPU
		{BC6C41CC-2B59-46E6-8C54-185F8D414CFE}.Release|Any CPU.Build.0 = Release|Any CPU
		{BDB78A9A-5FB6-47AE-BA7B-AF778526F929}.Debug|Any CPU.ActiveCfg = Debug|Any CPU
		{BDB78A9A-5FB6-47AE-BA7B-AF778526F929}.Debug|Any CPU.Build.0 = Debug|Any CPU
		{BDB78A9A-5FB6-47AE-BA7B-AF778526F929}.Release|Any CPU.ActiveCfg = Release|Any CPU
		{BDB78A9A-5FB6-47AE-BA7B-AF778526F929}.Release|Any CPU.Build.0 = Release|Any CPU
		{9895A84D-3F45-4764-84D5-0651FD608BF9}.Debug|Any CPU.ActiveCfg = Debug|Any CPU
		{9895A84D-3F45-4764-84D5-0651FD608BF9}.Debug|Any CPU.Build.0 = Debug|Any CPU
		{9895A84D-3F45-4764-84D5-0651FD608BF9}.Release|Any CPU.ActiveCfg = Release|Any CPU
		{9895A84D-3F45-4764-84D5-0651FD608BF9}.Release|Any CPU.Build.0 = Release|Any CPU
		{D6FD8F77-7CE2-4BE0-8CA7-2E74BEF1A1B8}.Debug|Any CPU.ActiveCfg = Debug|Any CPU
		{D6FD8F77-7CE2-4BE0-8CA7-2E74BEF1A1B8}.Debug|Any CPU.Build.0 = Debug|Any CPU
		{D6FD8F77-7CE2-4BE0-8CA7-2E74BEF1A1B8}.Release|Any CPU.ActiveCfg = Release|Any CPU
		{D6FD8F77-7CE2-4BE0-8CA7-2E74BEF1A1B8}.Release|Any CPU.Build.0 = Release|Any CPU
	EndGlobalSection
	GlobalSection(SolutionProperties) = preSolution
		HideSolutionNode = FALSE
	EndGlobalSection
	GlobalSection(ExtensibilityGlobals) = postSolution
		SolutionGuid = {47BC6CB2-258C-455C-9577-5CAD86698478}
	EndGlobalSection
EndGlobal
